
Microsoft Visual Studio Solution File, Format Version 12.00
# Visual Studio Version 17
VisualStudioVersion = 17.2.32516.85
MinimumVisualStudioVersion = 10.0.40219.1
Project("{FAE04EC0-301F-11D3-BF4B-00C04F79EFBC}") = "NutritionTracker.Android", "NutritionTracker.Android\NutritionTracker.Android.csproj", "{22E9E538-22CB-4102-902E-5FA81C6A342D}"
EndProject
Project("{FAE04EC0-301F-11D3-BF4B-00C04F79EFBC}") = "NutritionTracker.iOS", "NutritionTracker.iOS\NutritionTracker.iOS.csproj", "{2F9F0202-ADE5-40FD-B075-AC6EF31E006E}"
EndProject
Project("{9A19103F-16F7-4668-BE54-9A1E7A4F7556}") = "NutritionTracker", "NutritionTracker\NutritionTracker.csproj", "{355B68B3-EA01-4BD2-82EC-70EB836B0A6D}"
EndProject
Project("{9A19103F-16F7-4668-BE54-9A1E7A4F7556}") = "NutritionTracker.Api", "NutritionTrackerApi\NutritionTracker.Api.csproj", "{220A7090-2BB3-4FC4-A5C4-47DA31636EAC}"
EndProject
Project("{9A19103F-16F7-4668-BE54-9A1E7A4F7556}") = "NutritionTracker.Core", "NutritionTracker.Core\NutritionTracker.Core.csproj", "{C01E2CD1-033A-4957-9E38-2526C0548B22}"
EndProject
Project("{2150E333-8FDC-42A3-9474-1A3956D46DE8}") = "Mobile", "Mobile", "{DC065D09-8EA8-4D9E-A091-1D16E49DFBA4}"
EndProject
Project("{2150E333-8FDC-42A3-9474-1A3956D46DE8}") = "Shared", "Shared", "{59FBC1E1-F9D4-4A46-AA15-392CC5891078}"
EndProject
Project("{2150E333-8FDC-42A3-9474-1A3956D46DE8}") = "Web", "Web", "{9FF31760-2313-4B5A-B97E-DDC03EA44390}"
EndProject
Project("{FAE04EC0-301F-11D3-BF4B-00C04F79EFBC}") = "NutritionTracker.Data", "NutritionTracker.Data\NutritionTracker.Data.csproj", "{88C38977-AF4F-472B-99ED-B5CAE91CFFAA}"
EndProject
Global
	GlobalSection(SolutionConfigurationPlatforms) = preSolution
		Debug|Any CPU = Debug|Any CPU
		Debug|iPhone = Debug|iPhone
		Debug|iPhoneSimulator = Debug|iPhoneSimulator
		Release|Any CPU = Release|Any CPU
		Release|iPhone = Release|iPhone
		Release|iPhoneSimulator = Release|iPhoneSimulator
	EndGlobalSection
	GlobalSection(ProjectConfigurationPlatforms) = postSolution
		{22E9E538-22CB-4102-902E-5FA81C6A342D}.Debug|Any CPU.ActiveCfg = Debug|Any CPU
		{22E9E538-22CB-4102-902E-5FA81C6A342D}.Debug|Any CPU.Build.0 = Debug|Any CPU
		{22E9E538-22CB-4102-902E-5FA81C6A342D}.Debug|Any CPU.Deploy.0 = Debug|Any CPU
		{22E9E538-22CB-4102-902E-5FA81C6A342D}.Debug|iPhone.ActiveCfg = Debug|Any CPU
		{22E9E538-22CB-4102-902E-5FA81C6A342D}.Debug|iPhone.Build.0 = Debug|Any CPU
		{22E9E538-22CB-4102-902E-5FA81C6A342D}.Debug|iPhone.Deploy.0 = Debug|Any CPU
		{22E9E538-22CB-4102-902E-5FA81C6A342D}.Debug|iPhoneSimulator.ActiveCfg = Debug|Any CPU
		{22E9E538-22CB-4102-902E-5FA81C6A342D}.Debug|iPhoneSimulator.Build.0 = Debug|Any CPU
		{22E9E538-22CB-4102-902E-5FA81C6A342D}.Debug|iPhoneSimulator.Deploy.0 = Debug|Any CPU
		{22E9E538-22CB-4102-902E-5FA81C6A342D}.Release|Any CPU.ActiveCfg = Release|Any CPU
		{22E9E538-22CB-4102-902E-5FA81C6A342D}.Release|Any CPU.Build.0 = Release|Any CPU
		{22E9E538-22CB-4102-902E-5FA81C6A342D}.Release|Any CPU.Deploy.0 = Release|Any CPU
		{22E9E538-22CB-4102-902E-5FA81C6A342D}.Release|iPhone.ActiveCfg = Release|Any CPU
		{22E9E538-22CB-4102-902E-5FA81C6A342D}.Release|iPhone.Build.0 = Release|Any CPU
		{22E9E538-22CB-4102-902E-5FA81C6A342D}.Release|iPhone.Deploy.0 = Release|Any CPU
		{22E9E538-22CB-4102-902E-5FA81C6A342D}.Release|iPhoneSimulator.ActiveCfg = Release|Any CPU
		{22E9E538-22CB-4102-902E-5FA81C6A342D}.Release|iPhoneSimulator.Build.0 = Release|Any CPU
		{22E9E538-22CB-4102-902E-5FA81C6A342D}.Release|iPhoneSimulator.Deploy.0 = Release|Any CPU
		{2F9F0202-ADE5-40FD-B075-AC6EF31E006E}.Debug|Any CPU.ActiveCfg = Debug|iPhone
		{2F9F0202-ADE5-40FD-B075-AC6EF31E006E}.Debug|Any CPU.Build.0 = Debug|iPhone
		{2F9F0202-ADE5-40FD-B075-AC6EF31E006E}.Debug|Any CPU.Deploy.0 = Debug|iPhone
		{2F9F0202-ADE5-40FD-B075-AC6EF31E006E}.Debug|iPhone.ActiveCfg = Debug|iPhone
		{2F9F0202-ADE5-40FD-B075-AC6EF31E006E}.Debug|iPhone.Build.0 = Debug|iPhone
		{2F9F0202-ADE5-40FD-B075-AC6EF31E006E}.Debug|iPhone.Deploy.0 = Debug|iPhone
		{2F9F0202-ADE5-40FD-B075-AC6EF31E006E}.Debug|iPhoneSimulator.ActiveCfg = Debug|iPhoneSimulator
		{2F9F0202-ADE5-40FD-B075-AC6EF31E006E}.Debug|iPhoneSimulator.Build.0 = Debug|iPhoneSimulator
		{2F9F0202-ADE5-40FD-B075-AC6EF31E006E}.Debug|iPhoneSimulator.Deploy.0 = Debug|iPhoneSimulator
		{2F9F0202-ADE5-40FD-B075-AC6EF31E006E}.Release|Any CPU.ActiveCfg = Release|iPhoneSimulator
		{2F9F0202-ADE5-40FD-B075-AC6EF31E006E}.Release|Any CPU.Build.0 = Release|iPhoneSimulator
		{2F9F0202-ADE5-40FD-B075-AC6EF31E006E}.Release|Any CPU.Deploy.0 = Release|iPhoneSimulator
		{2F9F0202-ADE5-40FD-B075-AC6EF31E006E}.Release|iPhone.ActiveCfg = Release|iPhone
		{2F9F0202-ADE5-40FD-B075-AC6EF31E006E}.Release|iPhone.Build.0 = Release|iPhone
		{2F9F0202-ADE5-40FD-B075-AC6EF31E006E}.Release|iPhone.Deploy.0 = Release|iPhone
		{2F9F0202-ADE5-40FD-B075-AC6EF31E006E}.Release|iPhoneSimulator.ActiveCfg = Release|iPhoneSimulator
		{2F9F0202-ADE5-40FD-B075-AC6EF31E006E}.Release|iPhoneSimulator.Build.0 = Release|iPhoneSimulator
		{2F9F0202-ADE5-40FD-B075-AC6EF31E006E}.Release|iPhoneSimulator.Deploy.0 = Release|iPhoneSimulator
		{355B68B3-EA01-4BD2-82EC-70EB836B0A6D}.Debug|Any CPU.ActiveCfg = Debug|Any CPU
		{355B68B3-EA01-4BD2-82EC-70EB836B0A6D}.Debug|Any CPU.Build.0 = Debug|Any CPU
		{355B68B3-EA01-4BD2-82EC-70EB836B0A6D}.Debug|Any CPU.Deploy.0 = Debug|Any CPU
		{355B68B3-EA01-4BD2-82EC-70EB836B0A6D}.Debug|iPhone.ActiveCfg = Debug|Any CPU
		{355B68B3-EA01-4BD2-82EC-70EB836B0A6D}.Debug|iPhone.Build.0 = Debug|Any CPU
		{355B68B3-EA01-4BD2-82EC-70EB836B0A6D}.Debug|iPhone.Deploy.0 = Debug|Any CPU
		{355B68B3-EA01-4BD2-82EC-70EB836B0A6D}.Debug|iPhoneSimulator.ActiveCfg = Debug|Any CPU
		{355B68B3-EA01-4BD2-82EC-70EB836B0A6D}.Debug|iPhoneSimulator.Build.0 = Debug|Any CPU
		{355B68B3-EA01-4BD2-82EC-70EB836B0A6D}.Debug|iPhoneSimulator.Deploy.0 = Debug|Any CPU
		{355B68B3-EA01-4BD2-82EC-70EB836B0A6D}.Release|Any CPU.ActiveCfg = Release|Any CPU
		{355B68B3-EA01-4BD2-82EC-70EB836B0A6D}.Release|Any CPU.Build.0 = Release|Any CPU
		{355B68B3-EA01-4BD2-82EC-70EB836B0A6D}.Release|Any CPU.Deploy.0 = Release|Any CPU
		{355B68B3-EA01-4BD2-82EC-70EB836B0A6D}.Release|iPhone.ActiveCfg = Release|Any CPU
		{355B68B3-EA01-4BD2-82EC-70EB836B0A6D}.Release|iPhone.Build.0 = Release|Any CPU
		{355B68B3-EA01-4BD2-82EC-70EB836B0A6D}.Release|iPhone.Deploy.0 = Release|Any CPU
		{355B68B3-EA01-4BD2-82EC-70EB836B0A6D}.Release|iPhoneSimulator.ActiveCfg = Release|Any CPU
		{355B68B3-EA01-4BD2-82EC-70EB836B0A6D}.Release|iPhoneSimulator.Build.0 = Release|Any CPU
		{355B68B3-EA01-4BD2-82EC-70EB836B0A6D}.Release|iPhoneSimulator.Deploy.0 = Release|Any CPU
		{220A7090-2BB3-4FC4-A5C4-47DA31636EAC}.Debug|Any CPU.ActiveCfg = Debug|Any CPU
		{220A7090-2BB3-4FC4-A5C4-47DA31636EAC}.Debug|Any CPU.Build.0 = Debug|Any CPU
		{220A7090-2BB3-4FC4-A5C4-47DA31636EAC}.Debug|iPhone.ActiveCfg = Debug|Any CPU
		{220A7090-2BB3-4FC4-A5C4-47DA31636EAC}.Debug|iPhone.Build.0 = Debug|Any CPU
		{220A7090-2BB3-4FC4-A5C4-47DA31636EAC}.Debug|iPhoneSimulator.ActiveCfg = Debug|Any CPU
		{220A7090-2BB3-4FC4-A5C4-47DA31636EAC}.Debug|iPhoneSimulator.Build.0 = Debug|Any CPU
		{220A7090-2BB3-4FC4-A5C4-47DA31636EAC}.Release|Any CPU.ActiveCfg = Release|Any CPU
		{220A7090-2BB3-4FC4-A5C4-47DA31636EAC}.Release|Any CPU.Build.0 = Release|Any CPU
		{220A7090-2BB3-4FC4-A5C4-47DA31636EAC}.Release|iPhone.ActiveCfg = Release|Any CPU
		{220A7090-2BB3-4FC4-A5C4-47DA31636EAC}.Release|iPhone.Build.0 = Release|Any CPU
		{220A7090-2BB3-4FC4-A5C4-47DA31636EAC}.Release|iPhoneSimulator.ActiveCfg = Release|Any CPU
		{220A7090-2BB3-4FC4-A5C4-47DA31636EAC}.Release|iPhoneSimulator.Build.0 = Release|Any CPU
		{C01E2CD1-033A-4957-9E38-2526C0548B22}.Debug|Any CPU.ActiveCfg = Debug|Any CPU
		{C01E2CD1-033A-4957-9E38-2526C0548B22}.Debug|Any CPU.Build.0 = Debug|Any CPU
		{C01E2CD1-033A-4957-9E38-2526C0548B22}.Debug|iPhone.ActiveCfg = Debug|Any CPU
		{C01E2CD1-033A-4957-9E38-2526C0548B22}.Debug|iPhone.Build.0 = Debug|Any CPU
		{C01E2CD1-033A-4957-9E38-2526C0548B22}.Debug|iPhoneSimulator.ActiveCfg = Debug|Any CPU
		{C01E2CD1-033A-4957-9E38-2526C0548B22}.Debug|iPhoneSimulator.Build.0 = Debug|Any CPU
		{C01E2CD1-033A-4957-9E38-2526C0548B22}.Release|Any CPU.ActiveCfg = Release|Any CPU
		{C01E2CD1-033A-4957-9E38-2526C0548B22}.Release|Any CPU.Build.0 = Release|Any CPU
		{C01E2CD1-033A-4957-9E38-2526C0548B22}.Release|iPhone.ActiveCfg = Release|Any CPU
		{C01E2CD1-033A-4957-9E38-2526C0548B22}.Release|iPhone.Build.0 = Release|Any CPU
		{C01E2CD1-033A-4957-9E38-2526C0548B22}.Release|iPhoneSimulator.ActiveCfg = Release|Any CPU
		{C01E2CD1-033A-4957-9E38-2526C0548B22}.Release|iPhoneSimulator.Build.0 = Release|Any CPU
		{88C38977-AF4F-472B-99ED-B5CAE91CFFAA}.Debug|Any CPU.ActiveCfg = Debug|Any CPU
		{88C38977-AF4F-472B-99ED-B5CAE91CFFAA}.Debug|Any CPU.Build.0 = Debug|Any CPU
		{88C38977-AF4F-472B-99ED-B5CAE91CFFAA}.Debug|iPhone.ActiveCfg = Debug|Any CPU
		{88C38977-AF4F-472B-99ED-B5CAE91CFFAA}.Debug|iPhone.Build.0 = Debug|Any CPU
		{88C38977-AF4F-472B-99ED-B5CAE91CFFAA}.Debug|iPhoneSimulator.ActiveCfg = Debug|Any CPU
		{88C38977-AF4F-472B-99ED-B5CAE91CFFAA}.Debug|iPhoneSimulator.Build.0 = Debug|Any CPU
		{88C38977-AF4F-472B-99ED-B5CAE91CFFAA}.Release|Any CPU.ActiveCfg = Release|Any CPU
		{88C38977-AF4F-472B-99ED-B5CAE91CFFAA}.Release|Any CPU.Build.0 = Release|Any CPU
		{88C38977-AF4F-472B-99ED-B5CAE91CFFAA}.Release|iPhone.ActiveCfg = Release|Any CPU
		{88C38977-AF4F-472B-99ED-B5CAE91CFFAA}.Release|iPhone.Build.0 = Release|Any CPU
		{88C38977-AF4F-472B-99ED-B5CAE91CFFAA}.Release|iPhoneSimulator.ActiveCfg = Release|Any CPU
		{88C38977-AF4F-472B-99ED-B5CAE91CFFAA}.Release|iPhoneSimulator.Build.0 = Release|Any CPU
	EndGlobalSection
	GlobalSection(SolutionProperties) = preSolution
		HideSolutionNode = FALSE
	EndGlobalSection
	GlobalSection(NestedProjects) = preSolution
		{22E9E538-22CB-4102-902E-5FA81C6A342D} = {DC065D09-8EA8-4D9E-A091-1D16E49DFBA4}
		{2F9F0202-ADE5-40FD-B075-AC6EF31E006E} = {DC065D09-8EA8-4D9E-A091-1D16E49DFBA4}
		{355B68B3-EA01-4BD2-82EC-70EB836B0A6D} = {DC065D09-8EA8-4D9E-A091-1D16E49DFBA4}
		{220A7090-2BB3-4FC4-A5C4-47DA31636EAC} = {9FF31760-2313-4B5A-B97E-DDC03EA44390}
		{C01E2CD1-033A-4957-9E38-2526C0548B22} = {DC065D09-8EA8-4D9E-A091-1D16E49DFBA4}
		{88C38977-AF4F-472B-99ED-B5CAE91CFFAA} = {59FBC1E1-F9D4-4A46-AA15-392CC5891078}
	EndGlobalSection
	GlobalSection(ExtensibilityGlobals) = postSolution
		SolutionGuid = {BDF58EE2-4779-4024-9A9C-9CF352D90DB4}
	EndGlobalSection
EndGlobal
